
Microsoft Visual Studio Solution File, Format Version 12.00
# Visual Studio Version 17
VisualStudioVersion = 17.5.33516.290
MinimumVisualStudioVersion = 10.0.40219.1
Project("{FAE04EC0-301F-11D3-BF4B-00C04F79EFBC}") = "NovoprojetoApi", "NovoprojetoApi\NovoprojetoApi.csproj", "{4FE4A631-0892-48CC-89ED-44A1A2C8A22F}"
EndProject
Global
	GlobalSection(SolutionConfigurationPlatforms) = preSolution
		Debug|Any CPU = Debug|Any CPU
		Release|Any CPU = Release|Any CPU
	EndGlobalSection
	GlobalSection(ProjectConfigurationPlatforms) = postSolution
		{4FE4A631-0892-48CC-89ED-44A1A2C8A22F}.Debug|Any CPU.ActiveCfg = Debug|Any CPU
		{4FE4A631-0892-48CC-89ED-44A1A2C8A22F}.Debug|Any CPU.Build.0 = Debug|Any CPU
		{4FE4A631-0892-48CC-89ED-44A1A2C8A22F}.Release|Any CPU.ActiveCfg = Release|Any CPU
		{4FE4A631-0892-48CC-89ED-44A1A2C8A22F}.Release|Any CPU.Build.0 = Release|Any CPU
	EndGlobalSection
	GlobalSection(SolutionProperties) = preSolution
		HideSolutionNode = FALSE
	EndGlobalSection
	GlobalSection(ExtensibilityGlobals) = postSolution
		SolutionGuid = {652BAE53-A8DA-4AF2-8C4D-FB87125373F2}
	EndGlobalSection
EndGlobal
